
Microsoft Visual Studio Solution File, Format Version 12.00
# Visual Studio Version 16
VisualStudioVersion = 16.0.34301.259
MinimumVisualStudioVersion = 10.0.40219.1
Project("{FAE04EC0-301F-11D3-BF4B-00C04F79EFBC}") = "Dto", "Dto\Dto.csproj", "{A2825C35-D3F1-4545-B1CE-FC2A162C3B77}"
EndProject
Project("{FAE04EC0-301F-11D3-BF4B-00C04F79EFBC}") = "Dao", "Dao\Dao.csproj", "{199FA055-1286-4EDC-9573-3DB5E284C088}"
EndProject
Project("{FAE04EC0-301F-11D3-BF4B-00C04F79EFBC}") = "RedisBoost", "RedisBoost\RedisBoost.csproj", "{6BA81F4C-4424-4FC1-8FAF-A0159C52AE33}"
EndProject
Project("{FAE04EC0-301F-11D3-BF4B-00C04F79EFBC}") = "Wcf", "Wcf\Wcf.csproj", "{7230A4F4-C93E-48AF-8B40-29A579859C68}"
EndProject
Project("{FAE04EC0-301F-11D3-BF4B-00C04F79EFBC}") = "RedisBus", "RedisBus\RedisBus.csproj", "{E2F7F9BB-5C0C-4FD6-AEED-11A36C8ACCE5}"
EndProject
Project("{FAE04EC0-301F-11D3-BF4B-00C04F79EFBC}") = "Chicken", "Client\Chicken.csproj", "{FACE06CF-2CC7-4ACB-A3F7-CD85838DC8DF}"
EndProject
Project("{FAE04EC0-301F-11D3-BF4B-00C04F79EFBC}") = "UnitTestDao", "UnitTestProject1\UnitTestDao.csproj", "{A7AB81B6-6644-4EB7-A7BF-E45DD51FBE17}"
EndProject
Project("{FAE04EC0-301F-11D3-BF4B-00C04F79EFBC}") = "UnitTestChicken", "UnitTestProjectClient\UnitTestChicken.csproj", "{FBA64F8A-421F-43AE-986D-D83374A9B4AF}"
EndProject
Project("{FAE04EC0-301F-11D3-BF4B-00C04F79EFBC}") = "UnitTestWCF", "UnitTestWCF\UnitTestWCF.csproj", "{3987C4C4-DA10-449B-81D9-C3A948BFA4B3}"
EndProject
Global
	GlobalSection(SolutionConfigurationPlatforms) = preSolution
		Debug|Any CPU = Debug|Any CPU
		Debug|x64 = Debug|x64
		Debug|x86 = Debug|x86
		Release|Any CPU = Release|Any CPU
		Release|x64 = Release|x64
		Release|x86 = Release|x86
	EndGlobalSection
	GlobalSection(ProjectConfigurationPlatforms) = postSolution
		{A2825C35-D3F1-4545-B1CE-FC2A162C3B77}.Debug|Any CPU.ActiveCfg = Debug|Any CPU
		{A2825C35-D3F1-4545-B1CE-FC2A162C3B77}.Debug|Any CPU.Build.0 = Debug|Any CPU
		{A2825C35-D3F1-4545-B1CE-FC2A162C3B77}.Debug|x64.ActiveCfg = Debug|x64
		{A2825C35-D3F1-4545-B1CE-FC2A162C3B77}.Debug|x64.Build.0 = Debug|x64
		{A2825C35-D3F1-4545-B1CE-FC2A162C3B77}.Debug|x86.ActiveCfg = Debug|x86
		{A2825C35-D3F1-4545-B1CE-FC2A162C3B77}.Debug|x86.Build.0 = Debug|x86
		{A2825C35-D3F1-4545-B1CE-FC2A162C3B77}.Release|Any CPU.ActiveCfg = Release|Any CPU
		{A2825C35-D3F1-4545-B1CE-FC2A162C3B77}.Release|Any CPU.Build.0 = Release|Any CPU
		{A2825C35-D3F1-4545-B1CE-FC2A162C3B77}.Release|x64.ActiveCfg = Release|x64
		{A2825C35-D3F1-4545-B1CE-FC2A162C3B77}.Release|x64.Build.0 = Release|x64
		{A2825C35-D3F1-4545-B1CE-FC2A162C3B77}.Release|x86.ActiveCfg = Release|x86
		{A2825C35-D3F1-4545-B1CE-FC2A162C3B77}.Release|x86.Build.0 = Release|x86
		{199FA055-1286-4EDC-9573-3DB5E284C088}.Debug|Any CPU.ActiveCfg = Debug|Any CPU
		{199FA055-1286-4EDC-9573-3DB5E284C088}.Debug|Any CPU.Build.0 = Debug|Any CPU
		{199FA055-1286-4EDC-9573-3DB5E284C088}.Debug|x64.ActiveCfg = Debug|x64
		{199FA055-1286-4EDC-9573-3DB5E284C088}.Debug|x64.Build.0 = Debug|x64
		{199FA055-1286-4EDC-9573-3DB5E284C088}.Debug|x86.ActiveCfg = Debug|x86
		{199FA055-1286-4EDC-9573-3DB5E284C088}.Debug|x86.Build.0 = Debug|x86
		{199FA055-1286-4EDC-9573-3DB5E284C088}.Release|Any CPU.ActiveCfg = Release|Any CPU
		{199FA055-1286-4EDC-9573-3DB5E284C088}.Release|Any CPU.Build.0 = Release|Any CPU
		{199FA055-1286-4EDC-9573-3DB5E284C088}.Release|x64.ActiveCfg = Release|x64
		{199FA055-1286-4EDC-9573-3DB5E284C088}.Release|x64.Build.0 = Release|x64
		{199FA055-1286-4EDC-9573-3DB5E284C088}.Release|x86.ActiveCfg = Release|x86
		{199FA055-1286-4EDC-9573-3DB5E284C088}.Release|x86.Build.0 = Release|x86
		{6BA81F4C-4424-4FC1-8FAF-A0159C52AE33}.Debug|Any CPU.ActiveCfg = Debug|Any CPU
		{6BA81F4C-4424-4FC1-8FAF-A0159C52AE33}.Debug|Any CPU.Build.0 = Debug|Any CPU
		{6BA81F4C-4424-4FC1-8FAF-A0159C52AE33}.Debug|x64.ActiveCfg = Debug|x64
		{6BA81F4C-4424-4FC1-8FAF-A0159C52AE33}.Debug|x64.Build.0 = Debug|x64
		{6BA81F4C-4424-4FC1-8FAF-A0159C52AE33}.Debug|x86.ActiveCfg = Debug|x86
		{6BA81F4C-4424-4FC1-8FAF-A0159C52AE33}.Debug|x86.Build.0 = Debug|x86
		{6BA81F4C-4424-4FC1-8FAF-A0159C52AE33}.Release|Any CPU.ActiveCfg = Release|Any CPU
		{6BA81F4C-4424-4FC1-8FAF-A0159C52AE33}.Release|Any CPU.Build.0 = Release|Any CPU
		{6BA81F4C-4424-4FC1-8FAF-A0159C52AE33}.Release|x64.ActiveCfg = Release|x64
		{6BA81F4C-4424-4FC1-8FAF-A0159C52AE33}.Release|x64.Build.0 = Release|x64
		{6BA81F4C-4424-4FC1-8FAF-A0159C52AE33}.Release|x86.ActiveCfg = Release|x86
		{6BA81F4C-4424-4FC1-8FAF-A0159C52AE33}.Release|x86.Build.0 = Release|x86
		{7230A4F4-C93E-48AF-8B40-29A579859C68}.Debug|Any CPU.ActiveCfg = Debug|Any CPU
		{7230A4F4-C93E-48AF-8B40-29A579859C68}.Debug|Any CPU.Build.0 = Debug|Any CPU
		{7230A4F4-C93E-48AF-8B40-29A579859C68}.Debug|x64.ActiveCfg = Debug|x64
		{7230A4F4-C93E-48AF-8B40-29A579859C68}.Debug|x64.Build.0 = Debug|x64
		{7230A4F4-C93E-48AF-8B40-29A579859C68}.Debug|x86.ActiveCfg = Debug|x86
		{7230A4F4-C93E-48AF-8B40-29A579859C68}.Debug|x86.Build.0 = Debug|x86
		{7230A4F4-C93E-48AF-8B40-29A579859C68}.Release|Any CPU.ActiveCfg = Release|Any CPU
		{7230A4F4-C93E-48AF-8B40-29A579859C68}.Release|Any CPU.Build.0 = Release|Any CPU
		{7230A4F4-C93E-48AF-8B40-29A579859C68}.Release|x64.ActiveCfg = Release|x64
		{7230A4F4-C93E-48AF-8B40-29A579859C68}.Release|x64.Build.0 = Release|x64
		{7230A4F4-C93E-48AF-8B40-29A579859C68}.Release|x86.ActiveCfg = Release|x86
		{7230A4F4-C93E-48AF-8B40-29A579859C68}.Release|x86.Build.0 = Release|x86
		{E2F7F9BB-5C0C-4FD6-AEED-11A36C8ACCE5}.Debug|Any CPU.ActiveCfg = Debug|Any CPU
		{E2F7F9BB-5C0C-4FD6-AEED-11A36C8ACCE5}.Debug|Any CPU.Build.0 = Debug|Any CPU
		{E2F7F9BB-5C0C-4FD6-AEED-11A36C8ACCE5}.Debug|x64.ActiveCfg = Debug|Any CPU
		{E2F7F9BB-5C0C-4FD6-AEED-11A36C8ACCE5}.Debug|x64.Build.0 = Debug|Any CPU
		{E2F7F9BB-5C0C-4FD6-AEED-11A36C8ACCE5}.Debug|x86.ActiveCfg = Debug|Any CPU
		{E2F7F9BB-5C0C-4FD6-AEED-11A36C8ACCE5}.Debug|x86.Build.0 = Debug|Any CPU
		{E2F7F9BB-5C0C-4FD6-AEED-11A36C8ACCE5}.Release|Any CPU.ActiveCfg = Release|Any CPU
		{E2F7F9BB-5C0C-4FD6-AEED-11A36C8ACCE5}.Release|Any CPU.Build.0 = Release|Any CPU
		{E2F7F9BB-5C0C-4FD6-AEED-11A36C8ACCE5}.Release|x64.ActiveCfg = Release|Any CPU
		{E2F7F9BB-5C0C-4FD6-AEED-11A36C8ACCE5}.Release|x64.Build.0 = Release|Any CPU
		{E2F7F9BB-5C0C-4FD6-AEED-11A36C8ACCE5}.Release|x86.ActiveCfg = Release|Any CPU
		{E2F7F9BB-5C0C-4FD6-AEED-11A36C8ACCE5}.Release|x86.Build.0 = Release|Any CPU
		{FACE06CF-2CC7-4ACB-A3F7-CD85838DC8DF}.Debug|Any CPU.ActiveCfg = Debug|Any CPU
		{FACE06CF-2CC7-4ACB-A3F7-CD85838DC8DF}.Debug|Any CPU.Build.0 = Debug|Any CPU
		{FACE06CF-2CC7-4ACB-A3F7-CD85838DC8DF}.Debug|x64.ActiveCfg = Debug|Any CPU
		{FACE06CF-2CC7-4ACB-A3F7-CD85838DC8DF}.Debug|x64.Build.0 = Debug|Any CPU
		{FACE06CF-2CC7-4ACB-A3F7-CD85838DC8DF}.Debug|x86.ActiveCfg = Debug|Any CPU
		{FACE06CF-2CC7-4ACB-A3F7-CD85838DC8DF}.Debug|x86.Build.0 = Debug|Any CPU
		{FACE06CF-2CC7-4ACB-A3F7-CD85838DC8DF}.Release|Any CPU.ActiveCfg = Release|Any CPU
		{FACE06CF-2CC7-4ACB-A3F7-CD85838DC8DF}.Release|Any CPU.Build.0 = Release|Any CPU
		{FACE06CF-2CC7-4ACB-A3F7-CD85838DC8DF}.Release|x64.ActiveCfg = Release|Any CPU
		{FACE06CF-2CC7-4ACB-A3F7-CD85838DC8DF}.Release|x64.Build.0 = Release|Any CPU
		{FACE06CF-2CC7-4ACB-A3F7-CD85838DC8DF}.Release|x86.ActiveCfg = Release|Any CPU
		{FACE06CF-2CC7-4ACB-A3F7-CD85838DC8DF}.Release|x86.Build.0 = Release|Any CPU
		{A7AB81B6-6644-4EB7-A7BF-E45DD51FBE17}.Debug|Any CPU.ActiveCfg = Debug|Any CPU
		{A7AB81B6-6644-4EB7-A7BF-E45DD51FBE17}.Debug|Any CPU.Build.0 = Debug|Any CPU
		{A7AB81B6-6644-4EB7-A7BF-E45DD51FBE17}.Debug|x64.ActiveCfg = Debug|Any CPU
		{A7AB81B6-6644-4EB7-A7BF-E45DD51FBE17}.Debug|x64.Build.0 = Debug|Any CPU
		{A7AB81B6-6644-4EB7-A7BF-E45DD51FBE17}.Debug|x86.ActiveCfg = Debug|Any CPU
		{A7AB81B6-6644-4EB7-A7BF-E45DD51FBE17}.Debug|x86.Build.0 = Debug|Any CPU
		{A7AB81B6-6644-4EB7-A7BF-E45DD51FBE17}.Release|Any CPU.ActiveCfg = Release|Any CPU
		{A7AB81B6-6644-4EB7-A7BF-E45DD51FBE17}.Release|Any CPU.Build.0 = Release|Any CPU
		{A7AB81B6-6644-4EB7-A7BF-E45DD51FBE17}.Release|x64.ActiveCfg = Release|Any CPU
		{A7AB81B6-6644-4EB7-A7BF-E45DD51FBE17}.Release|x64.Build.0 = Release|Any CPU
		{A7AB81B6-6644-4EB7-A7BF-E45DD51FBE17}.Release|x86.ActiveCfg = Release|Any CPU
		{A7AB81B6-6644-4EB7-A7BF-E45DD51FBE17}.Release|x86.Build.0 = Release|Any CPU
		{FBA64F8A-421F-43AE-986D-D83374A9B4AF}.Debug|Any CPU.ActiveCfg = Debug|Any CPU
		{FBA64F8A-421F-43AE-986D-D83374A9B4AF}.Debug|Any CPU.Build.0 = Debug|Any CPU
		{FBA64F8A-421F-43AE-986D-D83374A9B4AF}.Debug|x64.ActiveCfg = Debug|Any CPU
		{FBA64F8A-421F-43AE-986D-D83374A9B4AF}.Debug|x64.Build.0 = Debug|Any CPU
		{FBA64F8A-421F-43AE-986D-D83374A9B4AF}.Debug|x86.ActiveCfg = Debug|Any CPU
		{FBA64F8A-421F-43AE-986D-D83374A9B4AF}.Debug|x86.Build.0 = Debug|Any CPU
		{FBA64F8A-421F-43AE-986D-D83374A9B4AF}.Release|Any CPU.ActiveCfg = Release|Any CPU
		{FBA64F8A-421F-43AE-986D-D83374A9B4AF}.Release|Any CPU.Build.0 = Release|Any CPU
		{FBA64F8A-421F-43AE-986D-D83374A9B4AF}.Release|x64.ActiveCfg = Release|Any CPU
		{FBA64F8A-421F-43AE-986D-D83374A9B4AF}.Release|x64.Build.0 = Release|Any CPU
		{FBA64F8A-421F-43AE-986D-D83374A9B4AF}.Release|x86.ActiveCfg = Release|Any CPU
		{FBA64F8A-421F-43AE-986D-D83374A9B4AF}.Release|x86.Build.0 = Release|Any CPU
		{3987C4C4-DA10-449B-81D9-C3A948BFA4B3}.Debug|Any CPU.ActiveCfg = Debug|Any CPU
		{3987C4C4-DA10-449B-81D9-C3A948BFA4B3}.Debug|Any CPU.Build.0 = Debug|Any CPU
		{3987C4C4-DA10-449B-81D9-C3A948BFA4B3}.Debug|x64.ActiveCfg = Debug|Any CPU
		{3987C4C4-DA10-449B-81D9-C3A948BFA4B3}.Debug|x64.Build.0 = Debug|Any CPU
		{3987C4C4-DA10-449B-81D9-C3A948BFA4B3}.Debug|x86.ActiveCfg = Debug|Any CPU
		{3987C4C4-DA10-449B-81D9-C3A948BFA4B3}.Debug|x86.Build.0 = Debug|Any CPU
		{3987C4C4-DA10-449B-81D9-C3A948BFA4B3}.Release|Any CPU.ActiveCfg = Release|Any CPU
		{3987C4C4-DA10-449B-81D9-C3A948BFA4B3}.Release|Any CPU.Build.0 = Release|Any CPU
		{3987C4C4-DA10-449B-81D9-C3A948BFA4B3}.Release|x64.ActiveCfg = Release|Any CPU
		{3987C4C4-DA10-449B-81D9-C3A948BFA4B3}.Release|x64.Build.0 = Release|Any CPU
		{3987C4C4-DA10-449B-81D9-C3A948BFA4B3}.Release|x86.ActiveCfg = Release|Any CPU
		{3987C4C4-DA10-449B-81D9-C3A948BFA4B3}.Release|x86.Build.0 = Release|Any CPU
	EndGlobalSection
	GlobalSection(SolutionProperties) = preSolution
		HideSolutionNode = FALSE
	EndGlobalSection
	GlobalSection(ExtensibilityGlobals) = postSolution
		SolutionGuid = {F4C27657-3452-4834-BB2C-05407F16288B}
	EndGlobalSection
EndGlobal
